
Microsoft Visual Studio Solution File, Format Version 12.00
Project("{2150E333-8FDC-42A3-9474-1A3956D46DE8}") = "src", "src", "{340CE817-E3FB-4753-94AA-E5BFB13E6F6A}"
EndProject
Project("{FAE04EC0-301F-11D3-BF4B-00C04F79EFBC}") = "CrowdParlay.Social.Api", "src\CrowdParlay.Social.Api\CrowdParlay.Social.Api.csproj", "{1C0DE505-4898-4FB4-A5AA-C01630770F79}"
EndProject
Project("{FAE04EC0-301F-11D3-BF4B-00C04F79EFBC}") = "CrowdParlay.Social.Application", "src\CrowdParlay.Social.Application\CrowdParlay.Social.Application.csproj", "{34501CA3-78D7-4AAC-9B47-219F1C51E075}"
EndProject
Project("{2150E333-8FDC-42A3-9474-1A3956D46DE8}") = "tests", "tests", "{00C5EC71-2662-4897-8C51-8C1355111519}"
EndProject
Project("{FAE04EC0-301F-11D3-BF4B-00C04F79EFBC}") = "CrowdParlay.Social.IntegrationTests", "tests\CrowdParlay.Social.IntegrationTests\CrowdParlay.Social.IntegrationTests.csproj", "{1BAE49C8-2A8C-424B-B21E-B73D76FAC2DB}"
EndProject
Project("{FAE04EC0-301F-11D3-BF4B-00C04F79EFBC}") = "CrowdParlay.Social.Infrastructure.Persistence", "src\CrowdParlay.Social.Infrastructure.Persistence\CrowdParlay.Social.Infrastructure.Persistence.csproj", "{F4BE8BEE-161C-4B02-803A-0CC558016BA2}"
EndProject
Project("{FAE04EC0-301F-11D3-BF4B-00C04F79EFBC}") = "CrowdParlay.Social.Domain", "src\CrowdParlay.Social.Domain\CrowdParlay.Social.Domain.csproj", "{640B084C-59F5-448D-845A-7D6A8E1A7F99}"
EndProject
Project("{FAE04EC0-301F-11D3-BF4B-00C04F79EFBC}") = "CrowdParlay.Social.Infrastructure.Communication", "src\CrowdParlay.Social.Infrastructure.Communication\CrowdParlay.Social.Infrastructure.Communication.csproj", "{47776236-58AD-449A-B3BF-6ED960C3D12C}"
EndProject
Project("{FAE04EC0-301F-11D3-BF4B-00C04F79EFBC}") = "CrowdParlay.Social.UnitTests", "tests\CrowdParlay.Social.UnitTests\CrowdParlay.Social.UnitTests.csproj", "{8F95AF80-A278-49DB-97EB-F8DB96F083D5}"
EndProject
Project("{FAE04EC0-301F-11D3-BF4B-00C04F79EFBC}") = "CrowdParlay.Social.Aspects", "src\CrowdParlay.Social.Aspects\CrowdParlay.Social.Aspects.csproj", "{4DBC1701-9141-4AC2-80C1-CA9050FF7F0B}"
EndProject
Global
	GlobalSection(SolutionConfigurationPlatforms) = preSolution
		Debug|Any CPU = Debug|Any CPU
		Release|Any CPU = Release|Any CPU
	EndGlobalSection
	GlobalSection(ProjectConfigurationPlatforms) = postSolution
		{1C0DE505-4898-4FB4-A5AA-C01630770F79}.Debug|Any CPU.ActiveCfg = Debug|Any CPU
		{1C0DE505-4898-4FB4-A5AA-C01630770F79}.Debug|Any CPU.Build.0 = Debug|Any CPU
		{1C0DE505-4898-4FB4-A5AA-C01630770F79}.Release|Any CPU.ActiveCfg = Release|Any CPU
		{1C0DE505-4898-4FB4-A5AA-C01630770F79}.Release|Any CPU.Build.0 = Release|Any CPU
		{34501CA3-78D7-4AAC-9B47-219F1C51E075}.Debug|Any CPU.ActiveCfg = Debug|Any CPU
		{34501CA3-78D7-4AAC-9B47-219F1C51E075}.Debug|Any CPU.Build.0 = Debug|Any CPU
		{34501CA3-78D7-4AAC-9B47-219F1C51E075}.Release|Any CPU.ActiveCfg = Release|Any CPU
		{34501CA3-78D7-4AAC-9B47-219F1C51E075}.Release|Any CPU.Build.0 = Release|Any CPU
		{1BAE49C8-2A8C-424B-B21E-B73D76FAC2DB}.Debug|Any CPU.ActiveCfg = Debug|Any CPU
		{1BAE49C8-2A8C-424B-B21E-B73D76FAC2DB}.Debug|Any CPU.Build.0 = Debug|Any CPU
		{1BAE49C8-2A8C-424B-B21E-B73D76FAC2DB}.Release|Any CPU.ActiveCfg = Release|Any CPU
		{1BAE49C8-2A8C-424B-B21E-B73D76FAC2DB}.Release|Any CPU.Build.0 = Release|Any CPU
		{F4BE8BEE-161C-4B02-803A-0CC558016BA2}.Debug|Any CPU.ActiveCfg = Debug|Any CPU
		{F4BE8BEE-161C-4B02-803A-0CC558016BA2}.Debug|Any CPU.Build.0 = Debug|Any CPU
		{F4BE8BEE-161C-4B02-803A-0CC558016BA2}.Release|Any CPU.ActiveCfg = Release|Any CPU
		{F4BE8BEE-161C-4B02-803A-0CC558016BA2}.Release|Any CPU.Build.0 = Release|Any CPU
		{640B084C-59F5-448D-845A-7D6A8E1A7F99}.Debug|Any CPU.ActiveCfg = Debug|Any CPU
		{640B084C-59F5-448D-845A-7D6A8E1A7F99}.Debug|Any CPU.Build.0 = Debug|Any CPU
		{640B084C-59F5-448D-845A-7D6A8E1A7F99}.Release|Any CPU.ActiveCfg = Release|Any CPU
		{640B084C-59F5-448D-845A-7D6A8E1A7F99}.Release|Any CPU.Build.0 = Release|Any CPU
		{47776236-58AD-449A-B3BF-6ED960C3D12C}.Debug|Any CPU.ActiveCfg = Debug|Any CPU
		{47776236-58AD-449A-B3BF-6ED960C3D12C}.Debug|Any CPU.Build.0 = Debug|Any CPU
		{47776236-58AD-449A-B3BF-6ED960C3D12C}.Release|Any CPU.ActiveCfg = Release|Any CPU
		{47776236-58AD-449A-B3BF-6ED960C3D12C}.Release|Any CPU.Build.0 = Release|Any CPU
		{8F95AF80-A278-49DB-97EB-F8DB96F083D5}.Debug|Any CPU.ActiveCfg = Debug|Any CPU
		{8F95AF80-A278-49DB-97EB-F8DB96F083D5}.Debug|Any CPU.Build.0 = Debug|Any CPU
		{8F95AF80-A278-49DB-97EB-F8DB96F083D5}.Release|Any CPU.ActiveCfg = Release|Any CPU
		{8F95AF80-A278-49DB-97EB-F8DB96F083D5}.Release|Any CPU.Build.0 = Release|Any CPU
		{4DBC1701-9141-4AC2-80C1-CA9050FF7F0B}.Debug|Any CPU.ActiveCfg = Debug|Any CPU
		{4DBC1701-9141-4AC2-80C1-CA9050FF7F0B}.Debug|Any CPU.Build.0 = Debug|Any CPU
		{4DBC1701-9141-4AC2-80C1-CA9050FF7F0B}.Release|Any CPU.ActiveCfg = Release|Any CPU
		{4DBC1701-9141-4AC2-80C1-CA9050FF7F0B}.Release|Any CPU.Build.0 = Release|Any CPU
	EndGlobalSection
	GlobalSection(NestedProjects) = preSolution
		{1C0DE505-4898-4FB4-A5AA-C01630770F79} = {340CE817-E3FB-4753-94AA-E5BFB13E6F6A}
		{34501CA3-78D7-4AAC-9B47-219F1C51E075} = {340CE817-E3FB-4753-94AA-E5BFB13E6F6A}
		{1BAE49C8-2A8C-424B-B21E-B73D76FAC2DB} = {00C5EC71-2662-4897-8C51-8C1355111519}
		{F4BE8BEE-161C-4B02-803A-0CC558016BA2} = {340CE817-E3FB-4753-94AA-E5BFB13E6F6A}
		{640B084C-59F5-448D-845A-7D6A8E1A7F99} = {340CE817-E3FB-4753-94AA-E5BFB13E6F6A}
		{47776236-58AD-449A-B3BF-6ED960C3D12C} = {340CE817-E3FB-4753-94AA-E5BFB13E6F6A}
		{8F95AF80-A278-49DB-97EB-F8DB96F083D5} = {00C5EC71-2662-4897-8C51-8C1355111519}
		{4DBC1701-9141-4AC2-80C1-CA9050FF7F0B} = {340CE817-E3FB-4753-94AA-E5BFB13E6F6A}
	EndGlobalSection
EndGlobal
